
Microsoft Visual Studio Solution File, Format Version 12.00
# Visual Studio 15
Project("{FAE04EC0-301F-11D3-BF4B-00C04F79EFBC}") = "Assignment1", "Assignment1.csproj", "{1A0FF21F-EF1A-4094-AEB0-0430A788907E}"
EndProject
Global
	GlobalSection(SolutionConfigurationPlatforms) = preSolution
		Debug|anycpu = Debug|anycpu
		Release|anycpu = Release|anycpu
	EndGlobalSection
	GlobalSection(ProjectConfigurationPlatforms) = postSolution
		{1A0FF21F-EF1A-4094-AEB0-0430A788907E}.Debug|anycpu.ActiveCfg = Debug|anycpu
		{1A0FF21F-EF1A-4094-AEB0-0430A788907E}.Debug|anycpu.Build.0 = Debug|anycpu
		{1A0FF21F-EF1A-4094-AEB0-0430A788907E}.Release|anycpu.ActiveCfg = Release|anycpu
		{1A0FF21F-EF1A-4094-AEB0-0430A788907E}.Release|anycpu.Build.0 = Release|anycpu
	EndGlobalSection
EndGlobal
